
Microsoft Visual Studio Solution File, Format Version 12.00
# Visual Studio Version 17
VisualStudioVersion = 17.12.35527.113
MinimumVisualStudioVersion = 10.0.40219.1
Project("{FAE04EC0-301F-11D3-BF4B-00C04F79EFBC}") = "SidekickApp_MAUIHybridMobile", "SidekickApp_MAUIHybridMobile\SidekickApp_MAUIHybridMobile.csproj", "{74FA5A70-3E21-4E41-82E7-357CFE683699}"
EndProject
Project("{FAE04EC0-301F-11D3-BF4B-00C04F79EFBC}") = "SidekickApp_WebAPI", "SidekickApp_WebAPI\SidekickApp_WebAPI.csproj", "{0BD54CA6-2F9D-4DF4-AC04-549A7E054860}"
EndProject
Global
	GlobalSection(SolutionConfigurationPlatforms) = preSolution
		Debug|Any CPU = Debug|Any CPU
		Debug|x64 = Debug|x64
		Release|Any CPU = Release|Any CPU
		Release|x64 = Release|x64
	EndGlobalSection
	GlobalSection(ProjectConfigurationPlatforms) = postSolution
		{74FA5A70-3E21-4E41-82E7-357CFE683699}.Debug|Any CPU.ActiveCfg = Debug|Any CPU
		{74FA5A70-3E21-4E41-82E7-357CFE683699}.Debug|Any CPU.Build.0 = Debug|Any CPU
		{74FA5A70-3E21-4E41-82E7-357CFE683699}.Debug|x64.ActiveCfg = Debug|x64
		{74FA5A70-3E21-4E41-82E7-357CFE683699}.Debug|x64.Build.0 = Debug|x64
		{74FA5A70-3E21-4E41-82E7-357CFE683699}.Debug|x64.Deploy.0 = Debug|x64
		{74FA5A70-3E21-4E41-82E7-357CFE683699}.Release|Any CPU.ActiveCfg = Release|Any CPU
		{74FA5A70-3E21-4E41-82E7-357CFE683699}.Release|Any CPU.Build.0 = Release|Any CPU
		{74FA5A70-3E21-4E41-82E7-357CFE683699}.Release|x64.ActiveCfg = Release|x64
		{74FA5A70-3E21-4E41-82E7-357CFE683699}.Release|x64.Build.0 = Release|x64
		{0BD54CA6-2F9D-4DF4-AC04-549A7E054860}.Debug|Any CPU.ActiveCfg = Debug|Any CPU
		{0BD54CA6-2F9D-4DF4-AC04-549A7E054860}.Debug|Any CPU.Build.0 = Debug|Any CPU
		{0BD54CA6-2F9D-4DF4-AC04-549A7E054860}.Debug|x64.ActiveCfg = Debug|Any CPU
		{0BD54CA6-2F9D-4DF4-AC04-549A7E054860}.Debug|x64.Build.0 = Debug|Any CPU
		{0BD54CA6-2F9D-4DF4-AC04-549A7E054860}.Release|Any CPU.ActiveCfg = Release|Any CPU
		{0BD54CA6-2F9D-4DF4-AC04-549A7E054860}.Release|Any CPU.Build.0 = Release|Any CPU
		{0BD54CA6-2F9D-4DF4-AC04-549A7E054860}.Release|x64.ActiveCfg = Release|Any CPU
		{0BD54CA6-2F9D-4DF4-AC04-549A7E054860}.Release|x64.Build.0 = Release|Any CPU
	EndGlobalSection
	GlobalSection(SolutionProperties) = preSolution
		HideSolutionNode = FALSE
	EndGlobalSection
EndGlobal
